{
  "version": 4,
  "terraform_version": "1.15.6",
  "serial": 19,
  "lineage": "3dfef2ff-b03e-901b-5da8-83873a0d38f0",
  "outputs": {},
  "resources": [
    {
      "mode": "managed",
      "type": "local_file",
      "name": "productos",
      "provider": "provider[\"registry.terraform.io/hashicorp/local\"]",
      "instances": [
        {
          "schema_version": 0,
          "attributes": {
            "content": "Lista de productos modificada",
            "content_base64": null,
            "content_base64sha256": "2p5DqmEPeUyx/5mdJNs7fYHGsBtgZ27StqN31ibkgU8=",
            "content_base64sha512": "TCFWzl/x9aVEu1xD8H5LO24h7FBIN5lX37R+Sf2OUSzwk3qmbwnXm3NW2KDTAgtOkRub2szqm4OP5Qi/Y8ACBg==",
            "content_md5": "82a7c34ea83258f12bdbae7276ec1694",
            "content_sha1": "2b2dcb1b394a8b29ca096400150bda4f065d944e",
            "content_sha256": "da9e43aa610f794cb1ff999d24db3b7d81c6b01b60676ed2b6a377d626e4814f",
            "content_sha512": "4c2156ce5ff1f5a544bb5c43f07e4b3b6e21ec5048379957dfb47e49fd8e512cf0937aa66f09d79b7356d8a0d3020b4e911b9bdaccea9b838fe508bf63c00206",
            "directory_permission": "0777",
            "file_permission": "0777",
            "filename": "productos.txt",
            "id": "2b2dcb1b394a8b29ca096400150bda4f065d944e",
            "sensitive_content": null,
            "source": null
          },
          "sensitive_attributes": [
            [
              {
                "type": "get_attr",
                "value": "sensitive_content"
              }
            ]
          ],
          "identity_schema_version": 0
        }
      ]
    }
  ],
  "check_results": null
}
